// !$*UTF8*$!
{
	archiveVersion = 1;
	classes = {
	};
	objectVersion = 46;
	objects = {

/* Begin PBXBuildFile section */
		8109F9BD1D7E9C0300D78B80 /* CustomTableViewCell.m in Sources */ = {isa = PBXBuildFile; fileRef = 8109F9BC1D7E9C0300D78B80 /* CustomTableViewCell.m */; };
		8109F9C21D7EAA1300D78B80 /* CustomTableViewCell.xib in Resources */ = {isa = PBXBuildFile; fileRef = 8109F9C11D7EAA1300D78B80 /* CustomTableViewCell.xib */; };
		81A461091D794AB800E104EF /* Default-568h@2x.png in Resources */ = {isa = PBXBuildFile; fileRef = 81A461081D794AB800E104EF /* Default-568h@2x.png */; };
		81BDA86C1D810408004F9E5F /* CustomTableViewCellWithRate.xib in Resources */ = {isa = PBXBuildFile; fileRef = 81BDA86B1D810408004F9E5F /* CustomTableViewCellWithRate.xib */; };
		81BDA86F1D81043D004F9E5F /* CustomTableViewCellWithRate.m in Sources */ = {isa = PBXBuildFile; fileRef = 81BDA86E1D81043D004F9E5F /* CustomTableViewCellWithRate.m */; };
		81BDA8711D81289C004F9E5F /* CustomTableViewCellWithTopRate.xib in Resources */ = {isa = PBXBuildFile; fileRef = 81BDA8701D81289C004F9E5F /* CustomTableViewCellWithTopRate.xib */; };
		81C850BEE27D7E0E73D790A3 /* libPods-CocoaPodsTest.a in Frameworks */ = {isa = PBXBuildFile; fileRef = 48A60AC301641BB5C6C2B0BD /* libPods-CocoaPodsTest.a */; };
		81E0F82E1D7FEF3D009AD3B2 /* SecondViewController.m in Sources */ = {isa = PBXBuildFile; fileRef = 81E0F82D1D7FEF3D009AD3B2 /* SecondViewController.m */; };
		81E0F8331D7FF2CD009AD3B2 /* MovieData.m in Sources */ = {isa = PBXBuildFile; fileRef = 81E0F8321D7FF2CC009AD3B2 /* MovieData.m */; };
		81FC6E161D790E6500225CE7 /* main.m in Sources */ = {isa = PBXBuildFile; fileRef = 81FC6E151D790E6500225CE7 /* main.m */; };
		81FC6E191D790E6500225CE7 /* AppDelegate.m in Sources */ = {isa = PBXBuildFile; fileRef = 81FC6E181D790E6500225CE7 /* AppDelegate.m */; };
		81FC6E1C1D790E6500225CE7 /* ViewController.m in Sources */ = {isa = PBXBuildFile; fileRef = 81FC6E1B1D790E6500225CE7 /* ViewController.m */; };
		81FC6E1F1D790E6500225CE7 /* Main.storyboard in Resources */ = {isa = PBXBuildFile; fileRef = 81FC6E1D1D790E6500225CE7 /* Main.storyboard */; };
		81FC6E211D790E6500225CE7 /* Assets.xcassets in Resources */ = {isa = PBXBuildFile; fileRef = 81FC6E201D790E6500225CE7 /* Assets.xcassets */; };
		81FC6E241D790E6500225CE7 /* LaunchScreen.storyboard in Resources */ = {isa = PBXBuildFile; fileRef = 81FC6E221D790E6500225CE7 /* LaunchScreen.storyboard */; };
		81FC6E2F1D790E6500225CE7 /* CocoaPodsTestTests.m in Sources */ = {isa = PBXBuildFile; fileRef = 81FC6E2E1D790E6500225CE7 /* CocoaPodsTestTests.m */; };
		81FC6E3A1D790E6600225CE7 /* CocoaPodsTestUITests.m in Sources */ = {isa = PBXBuildFile; fileRef = 81FC6E391D790E6600225CE7 /* CocoaPodsTestUITests.m */; };
		E35F8A631D7D407F0081E5A5 /* holder.png in Resources */ = {isa = PBXBuildFile; fileRef = E35F8A621D7D407F0081E5A5 /* holder.png */; };
/* End PBXBuildFile section */

/* Begin PBXContainerItemProxy section */
		81FC6E2B1D790E6500225CE7 /* PBXContainerItemProxy */ = {
			isa = PBXContainerItemProxy;
			containerPortal = 81FC6E091D790E6500225CE7 /* Project object */;
			proxyType = 1;
			remoteGlobalIDString = 81FC6E101D790E6500225CE7;
			remoteInfo = CocoaPodsTest;
		};
		81FC6E361D790E6600225CE7 /* PBXContainerItemProxy */ = {
			isa = PBXContainerItemProxy;
			containerPortal = 81FC6E091D790E6500225CE7 /* Project object */;
			proxyType = 1;
			remoteGlobalIDString = 81FC6E101D790E6500225CE7;
			remoteInfo = CocoaPodsTest;
		};
/* End PBXContainerItemProxy section */

/* Begin PBXFileReference section */
		387DE70CACD66CD34B354BB3 /* Pods-CocoaPodsTest.debug.xcconfig */ = {isa = PBXFileReference; includeInIndex = 1; lastKnownFileType = text.xcconfig; name = "Pods-CocoaPodsTest.debug.xcconfig"; path = "Pods/Target Support Files/Pods-CocoaPodsTest/Pods-CocoaPodsTest.debug.xcconfig"; sourceTree = "<group>"; };
		48A60AC301641BB5C6C2B0BD /* libPods-CocoaPodsTest.a */ = {isa = PBXFileReference; explicitFileType = archive.ar; includeInIndex = 0; path = "libPods-CocoaPodsTest.a"; sourceTree = BUILT_PRODUCTS_DIR; };
		48DA1721684DAF41A1B4D324 /* Pods-CocoaPodsTest.release.xcconfig */ = {isa = PBXFileReference; includeInIndex = 1; lastKnownFileType = text.xcconfig; name = "Pods-CocoaPodsTest.release.xcconfig"; path = "Pods/Target Support Files/Pods-CocoaPodsTest/Pods-CocoaPodsTest.release.xcconfig"; sourceTree = "<group>"; };
		8109F9BC1D7E9C0300D78B80 /* CustomTableViewCell.m */ = {isa = PBXFileReference; fileEncoding = 4; lastKnownFileType = sourcecode.c.objc; path = CustomTableViewCell.m; sourceTree = "<group>"; };
		8109F9BE1D7E9C2A00D78B80 /* CustomTableViewCell.h */ = {isa = PBXFileReference; lastKnownFileType = sourcecode.c.h; path = CustomTableViewCell.h; sourceTree = "<group>"; };
		8109F9C11D7EAA1300D78B80 /* CustomTableViewCell.xib */ = {isa = PBXFileReference; fileEncoding = 4; lastKnownFileType = file.xib; path = CustomTableViewCell.xib; sourceTree = "<group>"; };
		81A461081D794AB800E104EF /* Default-568h@2x.png */ = {isa = PBXFileReference; lastKnownFileType = image.png; path = "Default-568h@2x.png"; sourceTree = "<group>"; };
		81BDA86B1D810408004F9E5F /* CustomTableViewCellWithRate.xib */ = {isa = PBXFileReference; fileEncoding = 4; lastKnownFileType = file.xib; path = CustomTableViewCellWithRate.xib; sourceTree = "<group>"; };
		81BDA86D1D81042A004F9E5F /* CustomTableViewCellWithRate.h */ = {isa = PBXFileReference; lastKnownFileType = sourcecode.c.h; path = CustomTableViewCellWithRate.h; sourceTree = "<group>"; };
		81BDA86E1D81043D004F9E5F /* CustomTableViewCellWithRate.m */ = {isa = PBXFileReference; fileEncoding = 4; lastKnownFileType = sourcecode.c.objc; path = CustomTableViewCellWithRate.m; sourceTree = "<group>"; };
		81BDA8701D81289C004F9E5F /* CustomTableViewCellWithTopRate.xib */ = {isa = PBXFileReference; fileEncoding = 4; lastKnownFileType = file.xib; path = CustomTableViewCellWithTopRate.xib; sourceTree = "<group>"; };
		81E0F82D1D7FEF3D009AD3B2 /* SecondViewController.m */ = {isa = PBXFileReference; fileEncoding = 4; lastKnownFileType = sourcecode.c.objc; path = SecondViewController.m; sourceTree = "<group>"; };
		81E0F82F1D7FEF56009AD3B2 /* SecondViewController.h */ = {isa = PBXFileReference; lastKnownFileType = sourcecode.c.h; path = SecondViewController.h; sourceTree = "<group>"; };
		81E0F8311D7FF2B1009AD3B2 /* MovieData.h */ = {isa = PBXFileReference; lastKnownFileType = sourcecode.c.h; path = MovieData.h; sourceTree = "<group>"; };
		81E0F8321D7FF2CC009AD3B2 /* MovieData.m */ = {isa = PBXFileReference; fileEncoding = 4; lastKnownFileType = sourcecode.c.objc; path = MovieData.m; sourceTree = "<group>"; };
		81FC6E111D790E6500225CE7 /* CocoaPodsTest.app */ = {isa = PBXFileReference; explicitFileType = wrapper.application; includeInIndex = 0; path = CocoaPodsTest.app; sourceTree = BUILT_PRODUCTS_DIR; };
		81FC6E151D790E6500225CE7 /* main.m */ = {isa = PBXFileReference; lastKnownFileType = sourcecode.c.objc; path = main.m; sourceTree = "<group>"; };
		81FC6E171D790E6500225CE7 /* AppDelegate.h */ = {isa = PBXFileReference; lastKnownFileType = sourcecode.c.h; path = AppDelegate.h; sourceTree = "<group>"; };
		81FC6E181D790E6500225CE7 /* AppDelegate.m */ = {isa = PBXFileReference; lastKnownFileType = sourcecode.c.objc; path = AppDelegate.m; sourceTree = "<group>"; };
		81FC6E1A1D790E6500225CE7 /* ViewController.h */ = {isa = PBXFileReference; lastKnownFileType = sourcecode.c.h; path = ViewController.h; sourceTree = "<group>"; };
		81FC6E1B1D790E6500225CE7 /* ViewController.m */ = {isa = PBXFileReference; lastKnownFileType = sourcecode.c.objc; path = ViewController.m; sourceTree = "<group>"; };
		81FC6E1E1D790E6500225CE7 /* Base */ = {isa = PBXFileReference; lastKnownFileType = file.storyboard; name = Base; path = Base.lproj/Main.storyboard; sourceTree = "<group>"; };
		81FC6E201D790E6500225CE7 /* Assets.xcassets */ = {isa = PBXFileReference; lastKnownFileType = folder.assetcatalog; path = Assets.xcassets; sourceTree = "<group>"; };
		81FC6E231D790E6500225CE7 /* Base */ = {isa = PBXFileReference; lastKnownFileType = file.storyboard; name = Base; path = Base.lproj/LaunchScreen.storyboard; sourceTree = "<group>"; };
		81FC6E251D790E6500225CE7 /* Info.plist */ = {isa = PBXFileReference; lastKnownFileType = text.plist.xml; path = Info.plist; sourceTree = "<group>"; };
		81FC6E2A1D790E6500225CE7 /* CocoaPodsTestTests.xctest */ = {isa = PBXFileReference; explicitFileType = wrapper.cfbundle; includeInIndex = 0; path = CocoaPodsTestTests.xctest; sourceTree = BUILT_PRODUCTS_DIR; };
		81FC6E2E1D790E6500225CE7 /* CocoaPodsTestTests.m */ = {isa = PBXFileReference; lastKnownFileType = sourcecode.c.objc; path = CocoaPodsTestTests.m; sourceTree = "<group>"; };
		81FC6E301D790E6500225CE7 /* Info.plist */ = {isa = PBXFileReference; lastKnownFileType = text.plist.xml; path = Info.plist; sourceTree = "<group>"; };
		81FC6E351D790E6600225CE7 /* CocoaPodsTestUITests.xctest */ = {isa = PBXFileReference; explicitFileType = wrapper.cfbundle; includeInIndex = 0; path = CocoaPodsTestUITests.xctest; sourceTree = BUILT_PRODUCTS_DIR; };
		81FC6E391D790E6600225CE7 /* CocoaPodsTestUITests.m */ = {isa = PBXFileReference; lastKnownFileType = sourcecode.c.objc; path = CocoaPodsTestUITests.m; sourceTree = "<group>"; };
		81FC6E3B1D790E6600225CE7 /* Info.plist */ = {isa = PBXFileReference; lastKnownFileType = text.plist.xml; path = Info.plist; sourceTree = "<group>"; };
		E35F8A621D7D407F0081E5A5 /* holder.png */ = {isa = PBXFileReference; lastKnownFileType = image.png; path = holder.png; sourceTree = "<group>"; };
/* End PBXFileReference section */

/* Begin PBXFrameworksBuildPhase section */
		81FC6E0E1D790E6500225CE7 /* Frameworks */ = {
			isa = PBXFrameworksBuildPhase;
			buildActionMask = 2147483647;
			files = (
				81C850BEE27D7E0E73D790A3 /* libPods-CocoaPodsTest.a in Frameworks */,
			);
			runOnlyForDeploymentPostprocessing = 0;
		};
		81FC6E271D790E6500225CE7 /* Frameworks */ = {
			isa = PBXFrameworksBuildPhase;
			buildActionMask = 2147483647;
			files = (
			);
			runOnlyForDeploymentPostprocessing = 0;
		};
		81FC6E321D790E6600225CE7 /* Frameworks */ = {
			isa = PBXFrameworksBuildPhase;
			buildActionMask = 2147483647;
			files = (
			);
			runOnlyForDeploymentPostprocessing = 0;
		};
/* End PBXFrameworksBuildPhase section */

/* Begin PBXGroup section */
		5AEB9BAA23D5FA358B279BC1 /* Pods */ = {
			isa = PBXGroup;
			children = (
				387DE70CACD66CD34B354BB3 /* Pods-CocoaPodsTest.debug.xcconfig */,
				48DA1721684DAF41A1B4D324 /* Pods-CocoaPodsTest.release.xcconfig */,
			);
			name = Pods;
			sourceTree = "<group>";
		};
		8109F9BB1D7E9BC700D78B80 /* CustomCell */ = {
			isa = PBXGroup;
			children = (
				8109F9C11D7EAA1300D78B80 /* CustomTableViewCell.xib */,
				8109F9BE1D7E9C2A00D78B80 /* CustomTableViewCell.h */,
				8109F9BC1D7E9C0300D78B80 /* CustomTableViewCell.m */,
				81BDA86B1D810408004F9E5F /* CustomTableViewCellWithRate.xib */,
				81BDA86D1D81042A004F9E5F /* CustomTableViewCellWithRate.h */,
				81BDA86E1D81043D004F9E5F /* CustomTableViewCellWithRate.m */,
				81BDA8701D81289C004F9E5F /* CustomTableViewCellWithTopRate.xib */,
			);
			name = CustomCell;
			sourceTree = "<group>";
		};
		81BDA8721D812CD9004F9E5F /* ViewContoller */ = {
			isa = PBXGroup;
			children = (
				81FC6E1A1D790E6500225CE7 /* ViewController.h */,
				81FC6E1B1D790E6500225CE7 /* ViewController.m */,
				81E0F82F1D7FEF56009AD3B2 /* SecondViewController.h */,
				81E0F82D1D7FEF3D009AD3B2 /* SecondViewController.m */,
			);
			name = ViewContoller;
			sourceTree = "<group>";
		};
		81E0F8301D7FF29A009AD3B2 /* MovieDatabase */ = {
			isa = PBXGroup;
			children = (
				81E0F8311D7FF2B1009AD3B2 /* MovieData.h */,
				81E0F8321D7FF2CC009AD3B2 /* MovieData.m */,
			);
			name = MovieDatabase;
			sourceTree = "<group>";
		};
		81FC6E081D790E6500225CE7 = {
			isa = PBXGroup;
			children = (
				81A461081D794AB800E104EF /* Default-568h@2x.png */,
				E35F8A621D7D407F0081E5A5 /* holder.png */,
				81FC6E131D790E6500225CE7 /* CocoaPodsTest */,
				81FC6E2D1D790E6500225CE7 /* CocoaPodsTestTests */,
				81FC6E381D790E6600225CE7 /* CocoaPodsTestUITests */,
				81FC6E121D790E6500225CE7 /* Products */,
				5AEB9BAA23D5FA358B279BC1 /* Pods */,
				D4D50C87E6B66F4E1DC10111 /* Frameworks */,
			);
			sourceTree = "<group>";
		};
		81FC6E121D790E6500225CE7 /* Products */ = {
			isa = PBXGroup;
			children = (
				81FC6E111D790E6500225CE7 /* CocoaPodsTest.app */,
				81FC6E2A1D790E6500225CE7 /* CocoaPodsTestTests.xctest */,
				81FC6E351D790E6600225CE7 /* CocoaPodsTestUITests.xctest */,
			);
			name = Products;
			sourceTree = "<group>";
		};
		81FC6E131D790E6500225CE7 /* CocoaPodsTest */ = {
			isa = PBXGroup;
			children = (
				81BDA8721D812CD9004F9E5F /* ViewContoller */,
				81E0F8301D7FF29A009AD3B2 /* MovieDatabase */,
				8109F9BB1D7E9BC700D78B80 /* CustomCell */,
				81FC6E171D790E6500225CE7 /* AppDelegate.h */,
				81FC6E181D790E6500225CE7 /* AppDelegate.m */,
				81FC6E1D1D790E6500225CE7 /* Main.storyboard */,
				81FC6E201D790E6500225CE7 /* Assets.xcassets */,
				81FC6E221D790E6500225CE7 /* LaunchScreen.storyboard */,
				81FC6E251D790E6500225CE7 /* Info.plist */,
				81FC6E141D790E6500225CE7 /* Supporting Files */,
			);
			path = CocoaPodsTest;
			sourceTree = "<group>";
		};
		81FC6E141D790E6500225CE7 /* Supporting Files */ = {
			isa = PBXGroup;
			children = (
				81FC6E151D790E6500225CE7 /* main.m */,
			);
			name = "Supporting Files";
			sourceTree = "<group>";
		};
		81FC6E2D1D790E6500225CE7 /* CocoaPodsTestTests */ = {
			isa = PBXGroup;
			children = (
				81FC6E2E1D790E6500225CE7 /* CocoaPodsTestTests.m */,
				81FC6E301D790E6500225CE7 /* Info.plist */,
			);
			path = CocoaPodsTestTests;
			sourceTree = "<group>";
		};
		81FC6E381D790E6600225CE7 /* CocoaPodsTestUITests */ = {
			isa = PBXGroup;
			children = (
				81FC6E391D790E6600225CE7 /* CocoaPodsTestUITests.m */,
				81FC6E3B1D790E6600225CE7 /* Info.plist */,
			);
			path = CocoaPodsTestUITests;
			sourceTree = "<group>";
		};
		D4D50C87E6B66F4E1DC10111 /* Frameworks */ = {
			isa = PBXGroup;
			children = (
				48A60AC301641BB5C6C2B0BD /* libPods-CocoaPodsTest.a */,
			);
			name = Frameworks;
			sourceTree = "<group>";
		};
/* End PBXGroup section */

/* Begin PBXNativeTarget section */
		81FC6E101D790E6500225CE7 /* CocoaPodsTest */ = {
			isa = PBXNativeTarget;
			buildConfigurationList = 81FC6E3E1D790E6600225CE7 /* Build configuration list for PBXNativeTarget "CocoaPodsTest" */;
			buildPhases = (
				D87E20CCAA569A1984F7A99F /* [CP] Check Pods Manifest.lock */,
				81FC6E0D1D790E6500225CE7 /* Sources */,
				81FC6E0E1D790E6500225CE7 /* Frameworks */,
				81FC6E0F1D790E6500225CE7 /* Resources */,
				47F7146A14C607F533D2C733 /* [CP] Embed Pods Frameworks */,
				F617D150026AC18233A8A647 /* [CP] Copy Pods Resources */,
			);
			buildRules = (
			);
			dependencies = (
			);
			name = CocoaPodsTest;
			productName = CocoaPodsTest;
			productReference = 81FC6E111D790E6500225CE7 /* CocoaPodsTest.app */;
			productType = "com.apple.product-type.application";
		};
		81FC6E291D790E6500225CE7 /* CocoaPodsTestTests */ = {
			isa = PBXNativeTarget;
			buildConfigurationList = 81FC6E411D790E6600225CE7 /* Build configuration list for PBXNativeTarget "CocoaPodsTestTests" */;
			buildPhases = (
				81FC6E261D790E6500225CE7 /* Sources */,
				81FC6E271D790E6500225CE7 /* Frameworks */,
				81FC6E281D790E6500225CE7 /* Resources */,
			);
			buildRules = (
			);
			dependencies = (
				81FC6E2C1D790E6500225CE7 /* PBXTargetDependency */,
			);
			name = CocoaPodsTestTests;
			productName = CocoaPodsTestTests;
			productReference = 81FC6E2A1D790E6500225CE7 /* CocoaPodsTestTests.xctest */;
			productType = "com.apple.product-type.bundle.unit-test";
		};
		81FC6E341D790E6600225CE7 /* CocoaPodsTestUITests */ = {
			isa = PBXNativeTarget;
			buildConfigurationList = 81FC6E441D790E6600225CE7 /* Build configuration list for PBXNativeTarget "CocoaPodsTestUITests" */;
			buildPhases = (
				81FC6E311D790E6600225CE7 /* Sources */,
				81FC6E321D790E6600225CE7 /* Frameworks */,
				81FC6E331D790E6600225CE7 /* Resources */,
			);
			buildRules = (
			);
			dependencies = (
				81FC6E371D790E6600225CE7 /* PBXTargetDependency */,
			);
			name = CocoaPodsTestUITests;
			productName = CocoaPodsTestUITests;
			productReference = 81FC6E351D790E6600225CE7 /* CocoaPodsTestUITests.xctest */;
			productType = "com.apple.product-type.bundle.ui-testing";
		};
/* End PBXNativeTarget section */

/* Begin PBXProject section */
		81FC6E091D790E6500225CE7 /* Project object */ = {
			isa = PBXProject;
			attributes = {
				LastUpgradeCheck = 0730;
				ORGANIZATIONNAME = ios;
				TargetAttributes = {
					81FC6E101D790E6500225CE7 = {
						CreatedOnToolsVersion = 7.3.1;
					};
					81FC6E291D790E6500225CE7 = {
						CreatedOnToolsVersion = 7.3.1;
						TestTargetID = 81FC6E101D790E6500225CE7;
					};
					81FC6E341D790E6600225CE7 = {
						CreatedOnToolsVersion = 7.3.1;
						TestTargetID = 81FC6E101D790E6500225CE7;
					};
				};
			};
			buildConfigurationList = 81FC6E0C1D790E6500225CE7 /* Build configuration list for PBXProject "CocoaPodsTest" */;
			compatibilityVersion = "Xcode 3.2";
			developmentRegion = English;
			hasScannedForEncodings = 0;
			knownRegions = (
				en,
				Base,
			);
			mainGroup = 81FC6E081D790E6500225CE7;
			productRefGroup = 81FC6E121D790E6500225CE7 /* Products */;
			projectDirPath = "";
			projectRoot = "";
			targets = (
				81FC6E101D790E6500225CE7 /* CocoaPodsTest */,
				81FC6E291D790E6500225CE7 /* CocoaPodsTestTests */,
				81FC6E341D790E6600225CE7 /* CocoaPodsTestUITests */,
			);
		};
/* End PBXProject section */

/* Begin PBXResourcesBuildPhase section */
		81FC6E0F1D790E6500225CE7 /* Resources */ = {
			isa = PBXResourcesBuildPhase;
			buildActionMask = 2147483647;
			files = (
				81FC6E241D790E6500225CE7 /* LaunchScreen.storyboard in Resources */,
				81A461091D794AB800E104EF /* Default-568h@2x.png in Resources */,
				81FC6E211D790E6500225CE7 /* Assets.xcassets in Resources */,
				8109F9C21D7EAA1300D78B80 /* CustomTableViewCell.xib in Resources */,
				81BDA8711D81289C004F9E5F /* CustomTableViewCellWithTopRate.xib in Resources */,
				E35F8A631D7D407F0081E5A5 /* holder.png in Resources */,
				81BDA86C1D810408004F9E5F /* CustomTableViewCellWithRate.xib in Resources */,
				81FC6E1F1D790E6500225CE7 /* Main.storyboard in Resources */,
			);
			runOnlyForDeploymentPostprocessing = 0;
		};
		81FC6E281D790E6500225CE7 /* Resources */ = {
			isa = PBXResourcesBuildPhase;
			buildActionMask = 2147483647;
			files = (
			);
			runOnlyForDeploymentPostprocessing = 0;
		};
		81FC6E331D790E6600225CE7 /* Resources */ = {
			isa = PBXResourcesBuildPhase;
			buildActionMask = 2147483647;
			files = (
			);
			runOnlyForDeploymentPostprocessing = 0;
		};
/* End PBXResourcesBuildPhase section */

/* Begin PBXShellScriptBuildPhase section */
		47F7146A14C607F533D2C733 /* [CP] Embed Pods Frameworks */ = {
			isa = PBXShellScriptBuildPhase;
			buildActionMask = 2147483647;
			files = (
			);
			inputPaths = (
			);
			name = "[CP] Embed Pods Frameworks";
			outputPaths = (
			);
			runOnlyForDeploymentPostprocessing = 0;
			shellPath = /bin/sh;
			shellScript = "\"${SRCROOT}/Pods/Target Support Files/Pods-CocoaPodsTest/Pods-CocoaPodsTest-frameworks.sh\"\n";
			showEnvVarsInLog = 0;
		};
		D87E20CCAA569A1984F7A99F /* [CP] Check Pods Manifest.lock */ = {
			isa = PBXShellScriptBuildPhase;
			buildActionMask = 2147483647;
			files = (
			);
			inputPaths = (
			);
			name = "[CP] Check Pods Manifest.lock";
			outputPaths = (
			);
			runOnlyForDeploymentPostprocessing = 0;
			shellPath = /bin/sh;
			shellScript = "diff \"${PODS_ROOT}/../Podfile.lock\" \"${PODS_ROOT}/Manifest.lock\" > /dev/null\nif [ $? != 0 ] ; then\n    # print error to STDERR\n    echo \"error: The sandbox is not in sync with the Podfile.lock. Run 'pod install' or update your CocoaPods installation.\" >&2\n    exit 1\nfi\n";
			showEnvVarsInLog = 0;
		};
		F617D150026AC18233A8A647 /* [CP] Copy Pods Resources */ = {
			isa = PBXShellScriptBuildPhase;
			buildActionMask = 2147483647;
			files = (
			);
			inputPaths = (
			);
			name = "[CP] Copy Pods Resources";
			outputPaths = (
			);
			runOnlyForDeploymentPostprocessing = 0;
			shellPath = /bin/sh;
			shellScript = "\"${SRCROOT}/Pods/Target Support Files/Pods-CocoaPodsTest/Pods-CocoaPodsTest-resources.sh\"\n";
			showEnvVarsInLog = 0;
		};
/* End PBXShellScriptBuildPhase section */

/* Begin PBXSourcesBuildPhase section */
		81FC6E0D1D790E6500225CE7 /* Sources */ = {
			isa = PBXSourcesBuildPhase;
			buildActionMask = 2147483647;
			files = (
				81E0F82E1D7FEF3D009AD3B2 /* SecondViewController.m in Sources */,
				81BDA86F1D81043D004F9E5F /* CustomTableViewCellWithRate.m in Sources */,
				81FC6E1C1D790E6500225CE7 /* ViewController.m in Sources */,
				81E0F8331D7FF2CD009AD3B2 /* MovieData.m in Sources */,
				8109F9BD1D7E9C0300D78B80 /* CustomTableViewCell.m in Sources */,
				81FC6E191D790E6500225CE7 /* AppDelegate.m in Sources */,
				81FC6E161D790E6500225CE7 /* main.m in Sources */,
			);
			runOnlyForDeploymentPostprocessing = 0;
		};
		81FC6E261D790E6500225CE7 /* Sources */ = {
			isa = PBXSourcesBuildPhase;
			buildActionMask = 2147483647;
			files = (
				81FC6E2F1D790E6500225CE7 /* CocoaPodsTestTests.m in Sources */,
			);
			runOnlyForDeploymentPostprocessing = 0;
		};
		81FC6E311D790E6600225CE7 /* Sources */ = {
			isa = PBXSourcesBuildPhase;
			buildActionMask = 2147483647;
			files = (
				81FC6E3A1D790E6600225CE7 /* CocoaPodsTestUITests.m in Sources */,
			);
			runOnlyForDeploymentPostprocessing = 0;
		};
/* End PBXSourcesBuildPhase section */

/* Begin PBXTargetDependency section */
		81FC6E2C1D790E6500225CE7 /* PBXTargetDependency */ = {
			isa = PBXTargetDependency;
			target = 81FC6E101D790E6500225CE7 /* CocoaPodsTest */;
			targetProxy = 81FC6E2B1D790E6500225CE7 /* PBXContainerItemProxy */;
		};
		81FC6E371D790E6600225CE7 /* PBXTargetDependency */ = {
			isa = PBXTargetDependency;
			target = 81FC6E101D790E6500225CE7 /* CocoaPodsTest */;
			targetProxy = 81FC6E361D790E6600225CE7 /* PBXContainerItemProxy */;
		};
/* End PBXTargetDependency section */

/* Begin PBXVariantGroup section */
		81FC6E1D1D790E6500225CE7 /* Main.storyboard */ = {
			isa = PBXVariantGroup;
			children = (
				81FC6E1E1D790E6500225CE7 /* Base */,
			);
			name = Main.storyboard;
			sourceTree = "<group>";
		};
		81FC6E221D790E6500225CE7 /* LaunchScreen.storyboard */ = {
			isa = PBXVariantGroup;
			children = (
				81FC6E231D790E6500225CE7 /* Base */,
			);
			name = LaunchScreen.storyboard;
			sourceTree = "<group>";
		};
/* End PBXVariantGroup section */

/* Begin XCBuildConfiguration section */
		81FC6E3C1D790E6600225CE7 /* Debug */ = {
			isa = XCBuildConfiguration;
			buildSettings = {
				ALWAYS_SEARCH_USER_PATHS = NO;
				CLANG_ANALYZER_NONNULL = YES;
				CLANG_CXX_LANGUAGE_STANDARD = "gnu++0x";
				CLANG_CXX_LIBRARY = "libc++";
				CLANG_ENABLE_MODULES = YES;
				CLANG_ENABLE_OBJC_ARC = YES;
				CLANG_WARN_BOOL_CONVERSION = YES;
				CLANG_WARN_CONSTANT_CONVERSION = YES;
				CLANG_WARN_DIRECT_OBJC_ISA_USAGE = YES_ERROR;
				CLANG_WARN_EMPTY_BODY = YES;
				CLANG_WARN_ENUM_CONVERSION = YES;
				CLANG_WARN_INT_CONVERSION = YES;
				CLANG_WARN_OBJC_ROOT_CLASS = YES_ERROR;
				CLANG_WARN_UNREACHABLE_CODE = YES;
				CLANG_WARN__DUPLICATE_METHOD_MATCH = YES;
				"CODE_SIGN_IDENTITY[sdk=iphoneos*]" = "iPhone Developer";
				COPY_PHASE_STRIP = NO;
				DEBUG_INFORMATION_FORMAT = dwarf;
				ENABLE_STRICT_OBJC_MSGSEND = YES;
				ENABLE_TESTABILITY = YES;
				GCC_C_LANGUAGE_STANDARD = gnu99;
				GCC_DYNAMIC_NO_PIC = NO;
				GCC_NO_COMMON_BLOCKS = YES;
				GCC_OPTIMIZATION_LEVEL = 0;
				GCC_PREPROCESSOR_DEFINITIONS = (
					"DEBUG=1",
					"$(inherited)",
				);
				GCC_WARN_64_TO_32_BIT_CONVERSION = YES;
				GCC_WARN_ABOUT_RETURN_TYPE = YES_ERROR;
				GCC_WARN_UNDECLARED_SELECTOR = YES;
				GCC_WARN_UNINITIALIZED_AUTOS = YES_AGGRESSIVE;
				GCC_WARN_UNUSED_FUNCTION = YES;
				GCC_WARN_UNUSED_VARIABLE = YES;
				IPHONEOS_DEPLOYMENT_TARGET = 9.3;
				MTL_ENABLE_DEBUG_INFO = YES;
				ONLY_ACTIVE_ARCH = YES;
				SDKROOT = iphoneos;
				TARGETED_DEVICE_FAMILY = "1,2";
			};
			name = Debug;
		};
		81FC6E3D1D790E6600225CE7 /* Release */ = {
			isa = XCBuildConfiguration;
			buildSettings = {
				ALWAYS_SEARCH_USER_PATHS = NO;
				CLANG_ANALYZER_NONNULL = YES;
				CLANG_CXX_LANGUAGE_STANDARD = "gnu++0x";
				CLANG_CXX_LIBRARY = "libc++";
				CLANG_ENABLE_MODULES = YES;
				CLANG_ENABLE_OBJC_ARC = YES;
				CLANG_WARN_BOOL_CONVERSION = YES;
				CLANG_WARN_CONSTANT_CONVERSION = YES;
				CLANG_WARN_DIRECT_OBJC_ISA_USAGE = YES_ERROR;
				CLANG_WARN_EMPTY_BODY = YES;
				CLANG_WARN_ENUM_CONVERSION = YES;
				CLANG_WARN_INT_CONVERSION = YES;
				CLANG_WARN_OBJC_ROOT_CLASS = YES_ERROR;
				CLANG_WARN_UNREACHABLE_CODE = YES;
				CLANG_WARN__DUPLICATE_METHOD_MATCH = YES;
				"CODE_SIGN_IDENTITY[sdk=iphoneos*]" = "iPhone Developer";
				COPY_PHASE_STRIP = NO;
				DEBUG_INFORMATION_FORMAT = "dwarf-with-dsym";
				ENABLE_NS_ASSERTIONS = NO;
				ENABLE_STRICT_OBJC_MSGSEND = YES;
				GCC_C_LANGUAGE_STANDARD = gnu99;
				GCC_NO_COMMON_BLOCKS = YES;
				GCC_WARN_64_TO_32_BIT_CONVERSION = YES;
				GCC_WARN_ABOUT_RETURN_TYPE = YES_ERROR;
				GCC_WARN_UNDECLARED_SELECTOR = YES;
				GCC_WARN_UNINITIALIZED_AUTOS = YES_AGGRESSIVE;
				GCC_WARN_UNUSED_FUNCTION = YES;
				GCC_WARN_UNUSED_VARIABLE = YES;
				IPHONEOS_DEPLOYMENT_TARGET = 9.3;
				MTL_ENABLE_DEBUG_INFO = NO;
				SDKROOT = iphoneos;
				TARGETED_DEVICE_FAMILY = "1,2";
				VALIDATE_PRODUCT = YES;
			};
			name = Release;
		};
		81FC6E3F1D790E6600225CE7 /* Debug */ = {
			isa = XCBuildConfiguration;
			baseConfigurationReference = 387DE70CACD66CD34B354BB3 /* Pods-CocoaPodsTest.debug.xcconfig */;
			buildSettings = {
				ASSETCATALOG_COMPILER_APPICON_NAME = AppIcon;
				INFOPLIST_FILE = CocoaPodsTest/Info.plist;
				LD_RUNPATH_SEARCH_PATHS = "$(inherited) @executable_path/Frameworks";
				PRODUCT_BUNDLE_IDENTIFIER = sdteam.CocoaPodsTest;
				PRODUCT_NAME = "$(TARGET_NAME)";
			};
			name = Debug;
		};
		81FC6E401D790E6600225CE7 /* Release */ = {
			isa = XCBuildConfiguration;
			baseConfigurationReference = 48DA1721684DAF41A1B4D324 /* Pods-CocoaPodsTest.release.xcconfig */;
			buildSettings = {
				ASSETCATALOG_COMPILER_APPICON_NAME = AppIcon;
				INFOPLIST_FILE = CocoaPodsTest/Info.plist;
				LD_RUNPATH_SEARCH_PATHS = "$(inherited) @executable_path/Frameworks";
				PRODUCT_BUNDLE_IDENTIFIER = sdteam.CocoaPodsTest;
				PRODUCT_NAME = "$(TARGET_NAME)";
			};
			name = Release;
		};
		81FC6E421D790E6600225CE7 /* Debug */ = {
			isa = XCBuildConfiguration;
			buildSettings = {
				BUNDLE_LOADER = "$(TEST_HOST)";
				INFOPLIST_FILE = CocoaPodsTestTests/Info.plist;
				LD_RUNPATH_SEARCH_PATHS = "$(inherited) @executable_path/Frameworks @loader_path/Frameworks";
				PRODUCT_BUNDLE_IDENTIFIER = sdteam.CocoaPodsTestTests;
				PRODUCT_NAME = "$(TARGET_NAME)";
				TEST_HOST = "$(BUILT_PRODUCTS_DIR)/CocoaPodsTest.app/CocoaPodsTest";
			};
			name = Debug;
		};
		81FC6E431D790E6600225CE7 /* Release */ = {
			isa = XCBuildConfiguration;
			buildSettings = {
				BUNDLE_LOADER = "$(TEST_HOST)";
				INFOPLIST_FILE = CocoaPodsTestTests/Info.plist;
				LD_RUNPATH_SEARCH_PATHS = "$(inherited) @executable_path/Frameworks @loader_path/Frameworks";
				PRODUCT_BUNDLE_IDENTIFIER = sdteam.CocoaPodsTestTests;
				PRODUCT_NAME = "$(TARGET_NAME)";
				TEST_HOST = "$(BUILT_PRODUCTS_DIR)/CocoaPodsTest.app/CocoaPodsTest";
			};
			name = Release;
		};
		81FC6E451D790E6600225CE7 /* Debug */ = {
			isa = XCBuildConfiguration;
			buildSettings = {
				INFOPLIST_FILE = CocoaPodsTestUITests/Info.plist;
				LD_RUNPATH_SEARCH_PATHS = "$(inherited) @executable_path/Frameworks @loader_path/Frameworks";
				PRODUCT_BUNDLE_IDENTIFIER = sdteam.CocoaPodsTestUITests;
				PRODUCT_NAME = "$(TARGET_NAME)";
				TEST_TARGET_NAME = CocoaPodsTest;
			};
			name = Debug;
		};
		81FC6E461D790E6600225CE7 /* Release */ = {
			isa = XCBuildConfiguration;
			buildSettings = {
				INFOPLIST_FILE = CocoaPodsTestUITests/Info.plist;
				LD_RUNPATH_SEARCH_PATHS = "$(inherited) @executable_path/Frameworks @loader_path/Frameworks";
				PRODUCT_BUNDLE_IDENTIFIER = sdteam.CocoaPodsTestUITests;
				PRODUCT_NAME = "$(TARGET_NAME)";
				TEST_TARGET_NAME = CocoaPodsTest;
			};
			name = Release;
		};
/* End XCBuildConfiguration section */

/* Begin XCConfigurationList section */
		81FC6E0C1D790E6500225CE7 /* Build configuration list for PBXProject "CocoaPodsTest" */ = {
			isa = XCConfigurationList;
			buildConfigurations = (
				81FC6E3C1D790E6600225CE7 /* Debug */,
				81FC6E3D1D790E6600225CE7 /* Release */,
			);
			defaultConfigurationIsVisible = 0;
			defaultConfigurationName = Release;
		};
		81FC6E3E1D790E6600225CE7 /* Build configuration list for PBXNativeTarget "CocoaPodsTest" */ = {
			isa = XCConfigurationList;
			buildConfigurations = (
				81FC6E3F1D790E6600225CE7 /* Debug */,
				81FC6E401D790E6600225CE7 /* Release */,
			);
			defaultConfigurationIsVisible = 0;
			defaultConfigurationName = Release;
		};
		81FC6E411D790E6600225CE7 /* Build configuration list for PBXNativeTarget "CocoaPodsTestTests" */ = {
			isa = XCConfigurationList;
			buildConfigurations = (
				81FC6E421D790E6600225CE7 /* Debug */,
				81FC6E431D790E6600225CE7 /* Release */,
			);
			defaultConfigurationIsVisible = 0;
			defaultConfigurationName = Release;
		};
		81FC6E441D790E6600225CE7 /* Build configuration list for PBXNativeTarget "CocoaPodsTestUITests" */ = {
			isa = XCConfigurationList;
			buildConfigurations = (
				81FC6E451D790E6600225CE7 /* Debug */,
				81FC6E461D790E6600225CE7 /* Release */,
			);
			defaultConfigurationIsVisible = 0;
			defaultConfigurationName = Release;
		};
/* End XCConfigurationList section */
	};
	rootObject = 81FC6E091D790E6500225CE7 /* Project object */;
}
